
Microsoft Visual Studio Solution File, Format Version 12.00
# Visual Studio Version 17
VisualStudioVersion = 17.8.34330.188
MinimumVisualStudioVersion = 10.0.40219.1
Project("{9A19103F-16F7-4668-BE54-9A1E7A4F7556}") = "BookStore", "BookStore_gladkova\BookStore.csproj", "{AF97A383-8AD8-4453-B258-668E507C7B4D}"
EndProject
Global
	GlobalSection(SolutionConfigurationPlatforms) = preSolution
		Debug|Any CPU = Debug|Any CPU
		Release|Any CPU = Release|Any CPU
	EndGlobalSection
	GlobalSection(ProjectConfigurationPlatforms) = postSolution
		{AF97A383-8AD8-4453-B258-668E507C7B4D}.Debug|Any CPU.ActiveCfg = Debug|Any CPU
		{AF97A383-8AD8-4453-B258-668E507C7B4D}.Debug|Any CPU.Build.0 = Debug|Any CPU
		{AF97A383-8AD8-4453-B258-668E507C7B4D}.Release|Any CPU.ActiveCfg = Release|Any CPU
		{AF97A383-8AD8-4453-B258-668E507C7B4D}.Release|Any CPU.Build.0 = Release|Any CPU
	EndGlobalSection
	GlobalSection(SolutionProperties) = preSolution
		HideSolutionNode = FALSE
	EndGlobalSection
	GlobalSection(ExtensibilityGlobals) = postSolution
		SolutionGuid = {FBFBFFCD-C5A8-422C-B23C-ADD3A60BE752}
	EndGlobalSection
EndGlobal
